// !$*UTF8*$!
{
	archiveVersion = 1;
	classes = {
	};
	objectVersion = 55;
	objects = {

/* Begin PBXBuildFile section */
		D3F226A93252FFAD016B8D91 /* Pods_KutsalAnsiklopedi.framework in Frameworks */ = {isa = PBXBuildFile; fileRef = 3B475880CA6A5CDCBFBD19DD /* Pods_KutsalAnsiklopedi.framework */; };
		D42C7218277E6FC900E9D5E1 /* AppDelegate.swift in Sources */ = {isa = PBXBuildFile; fileRef = D42C7217277E6FC900E9D5E1 /* AppDelegate.swift */; };
		D42C721A277E6FC900E9D5E1 /* SceneDelegate.swift in Sources */ = {isa = PBXBuildFile; fileRef = D42C7219277E6FC900E9D5E1 /* SceneDelegate.swift */; };
		D42C721F277E6FC900E9D5E1 /* Main.storyboard in Resources */ = {isa = PBXBuildFile; fileRef = D42C721D277E6FC900E9D5E1 /* Main.storyboard */; };
		D42C7221277E6FCD00E9D5E1 /* Assets.xcassets in Resources */ = {isa = PBXBuildFile; fileRef = D42C7220277E6FCD00E9D5E1 /* Assets.xcassets */; };
		D42C7224277E6FCD00E9D5E1 /* LaunchScreen.storyboard in Resources */ = {isa = PBXBuildFile; fileRef = D42C7222277E6FCD00E9D5E1 /* LaunchScreen.storyboard */; };
		D42C722C277E71BE00E9D5E1 /* HomeViewController.swift in Sources */ = {isa = PBXBuildFile; fileRef = D42C722B277E71BE00E9D5E1 /* HomeViewController.swift */; };
		D42C722E277E767F00E9D5E1 /* TabBarController.swift in Sources */ = {isa = PBXBuildFile; fileRef = D42C722D277E767F00E9D5E1 /* TabBarController.swift */; };
		D42C7230277E7B7600E9D5E1 /* LoginViewController.swift in Sources */ = {isa = PBXBuildFile; fileRef = D42C722F277E7B7600E9D5E1 /* LoginViewController.swift */; };
		D42C7232277E831900E9D5E1 /* Extensions.swift in Sources */ = {isa = PBXBuildFile; fileRef = D42C7231277E831900E9D5E1 /* Extensions.swift */; };
		D42C7234277E886B00E9D5E1 /* RegisterViewController.swift in Sources */ = {isa = PBXBuildFile; fileRef = D42C7233277E886B00E9D5E1 /* RegisterViewController.swift */; };
		D4705CAB278206560095B0C4 /* UserService.swift in Sources */ = {isa = PBXBuildFile; fileRef = D4705CAA278206560095B0C4 /* UserService.swift */; };
		D4705CAE2782087A0095B0C4 /* User.swift in Sources */ = {isa = PBXBuildFile; fileRef = D4705CAD2782087A0095B0C4 /* User.swift */; };
		D4705CB0278208DD0095B0C4 /* AuthUser.swift in Sources */ = {isa = PBXBuildFile; fileRef = D4705CAF278208DD0095B0C4 /* AuthUser.swift */; };
		D4705CB2278217C80095B0C4 /* OpenTitleViewController.swift in Sources */ = {isa = PBXBuildFile; fileRef = D4705CB1278217C80095B0C4 /* OpenTitleViewController.swift */; };
		D4890041277F2EEF00EC0A69 /* Constants.swift in Sources */ = {isa = PBXBuildFile; fileRef = D4890040277F2EEF00EC0A69 /* Constants.swift */; };
		D4890044277F327400EC0A69 /* AuthService.swift in Sources */ = {isa = PBXBuildFile; fileRef = D4890043277F327400EC0A69 /* AuthService.swift */; };
		D4B96D05278226B1004ED8E6 /* TitleService.swift in Sources */ = {isa = PBXBuildFile; fileRef = D4B96D04278226B1004ED8E6 /* TitleService.swift */; };
		D4B96D07278228C3004ED8E6 /* Title.swift in Sources */ = {isa = PBXBuildFile; fileRef = D4B96D06278228C3004ED8E6 /* Title.swift */; };
		D4B96D0A27822E3A004ED8E6 /* TitleCell.swift in Sources */ = {isa = PBXBuildFile; fileRef = D4B96D0927822E3A004ED8E6 /* TitleCell.swift */; };
		D4F91744277F1AD500A70A95 /* GoogleService-Info.plist in Resources */ = {isa = PBXBuildFile; fileRef = D4F91743277F1AD500A70A95 /* GoogleService-Info.plist */; };
/* End PBXBuildFile section */

/* Begin PBXFileReference section */
		2A637852D12EF6C20A34B9FB /* Pods-KutsalAnsiklopedi.debug.xcconfig */ = {isa = PBXFileReference; includeInIndex = 1; lastKnownFileType = text.xcconfig; name = "Pods-KutsalAnsiklopedi.debug.xcconfig"; path = "Target Support Files/Pods-KutsalAnsiklopedi/Pods-KutsalAnsiklopedi.debug.xcconfig"; sourceTree = "<group>"; };
		3B475880CA6A5CDCBFBD19DD /* Pods_KutsalAnsiklopedi.framework */ = {isa = PBXFileReference; explicitFileType = wrapper.framework; includeInIndex = 0; path = Pods_KutsalAnsiklopedi.framework; sourceTree = BUILT_PRODUCTS_DIR; };
		4E1081EF28FBC075CDED8703 /* Pods-KutsalAnsiklopedi.release.xcconfig */ = {isa = PBXFileReference; includeInIndex = 1; lastKnownFileType = text.xcconfig; name = "Pods-KutsalAnsiklopedi.release.xcconfig"; path = "Target Support Files/Pods-KutsalAnsiklopedi/Pods-KutsalAnsiklopedi.release.xcconfig"; sourceTree = "<group>"; };
		D42C7214277E6FC900E9D5E1 /* KutsalAnsiklopedi.app */ = {isa = PBXFileReference; explicitFileType = wrapper.application; includeInIndex = 0; path = KutsalAnsiklopedi.app; sourceTree = BUILT_PRODUCTS_DIR; };
		D42C7217277E6FC900E9D5E1 /* AppDelegate.swift */ = {isa = PBXFileReference; lastKnownFileType = sourcecode.swift; path = AppDelegate.swift; sourceTree = "<group>"; };
		D42C7219277E6FC900E9D5E1 /* SceneDelegate.swift */ = {isa = PBXFileReference; lastKnownFileType = sourcecode.swift; path = SceneDelegate.swift; sourceTree = "<group>"; };
		D42C721E277E6FC900E9D5E1 /* Base */ = {isa = PBXFileReference; lastKnownFileType = file.storyboard; name = Base; path = Base.lproj/Main.storyboard; sourceTree = "<group>"; };
		D42C7220277E6FCD00E9D5E1 /* Assets.xcassets */ = {isa = PBXFileReference; lastKnownFileType = folder.assetcatalog; path = Assets.xcassets; sourceTree = "<group>"; };
		D42C7223277E6FCD00E9D5E1 /* Base */ = {isa = PBXFileReference; lastKnownFileType = file.storyboard; name = Base; path = Base.lproj/LaunchScreen.storyboard; sourceTree = "<group>"; };
		D42C7225277E6FCD00E9D5E1 /* Info.plist */ = {isa = PBXFileReference; lastKnownFileType = text.plist.xml; path = Info.plist; sourceTree = "<group>"; };
		D42C722B277E71BE00E9D5E1 /* HomeViewController.swift */ = {isa = PBXFileReference; lastKnownFileType = sourcecode.swift; path = HomeViewController.swift; sourceTree = "<group>"; };
		D42C722D277E767F00E9D5E1 /* TabBarController.swift */ = {isa = PBXFileReference; lastKnownFileType = sourcecode.swift; path = TabBarController.swift; sourceTree = "<group>"; };
		D42C722F277E7B7600E9D5E1 /* LoginViewController.swift */ = {isa = PBXFileReference; lastKnownFileType = sourcecode.swift; path = LoginViewController.swift; sourceTree = "<group>"; };
		D42C7231277E831900E9D5E1 /* Extensions.swift */ = {isa = PBXFileReference; lastKnownFileType = sourcecode.swift; path = Extensions.swift; sourceTree = "<group>"; };
		D42C7233277E886B00E9D5E1 /* RegisterViewController.swift */ = {isa = PBXFileReference; lastKnownFileType = sourcecode.swift; path = RegisterViewController.swift; sourceTree = "<group>"; };
		D4705CAA278206560095B0C4 /* UserService.swift */ = {isa = PBXFileReference; lastKnownFileType = sourcecode.swift; path = UserService.swift; sourceTree = "<group>"; };
		D4705CAD2782087A0095B0C4 /* User.swift */ = {isa = PBXFileReference; lastKnownFileType = sourcecode.swift; path = User.swift; sourceTree = "<group>"; };
		D4705CAF278208DD0095B0C4 /* AuthUser.swift */ = {isa = PBXFileReference; lastKnownFileType = sourcecode.swift; path = AuthUser.swift; sourceTree = "<group>"; };
		D4705CB1278217C80095B0C4 /* OpenTitleViewController.swift */ = {isa = PBXFileReference; lastKnownFileType = sourcecode.swift; path = OpenTitleViewController.swift; sourceTree = "<group>"; };
		D4890040277F2EEF00EC0A69 /* Constants.swift */ = {isa = PBXFileReference; lastKnownFileType = sourcecode.swift; path = Constants.swift; sourceTree = "<group>"; };
		D4890043277F327400EC0A69 /* AuthService.swift */ = {isa = PBXFileReference; lastKnownFileType = sourcecode.swift; path = AuthService.swift; sourceTree = "<group>"; };
		D4B96D04278226B1004ED8E6 /* TitleService.swift */ = {isa = PBXFileReference; lastKnownFileType = sourcecode.swift; path = TitleService.swift; sourceTree = "<group>"; };
		D4B96D06278228C3004ED8E6 /* Title.swift */ = {isa = PBXFileReference; lastKnownFileType = sourcecode.swift; path = Title.swift; sourceTree = "<group>"; };
		D4B96D0927822E3A004ED8E6 /* TitleCell.swift */ = {isa = PBXFileReference; lastKnownFileType = sourcecode.swift; path = TitleCell.swift; sourceTree = "<group>"; };
		D4F91743277F1AD500A70A95 /* GoogleService-Info.plist */ = {isa = PBXFileReference; fileEncoding = 4; lastKnownFileType = text.plist.xml; path = "GoogleService-Info.plist"; sourceTree = "<group>"; };
/* End PBXFileReference section */

/* Begin PBXFrameworksBuildPhase section */
		D42C7211277E6FC900E9D5E1 /* Frameworks */ = {
			isa = PBXFrameworksBuildPhase;
			buildActionMask = 2147483647;
			files = (
				D3F226A93252FFAD016B8D91 /* Pods_KutsalAnsiklopedi.framework in Frameworks */,
			);
			runOnlyForDeploymentPostprocessing = 0;
		};
/* End PBXFrameworksBuildPhase section */

/* Begin PBXGroup section */
		5B72E2400974D9EB3D5F3769 /* Frameworks */ = {
			isa = PBXGroup;
			children = (
				3B475880CA6A5CDCBFBD19DD /* Pods_KutsalAnsiklopedi.framework */,
			);
			name = Frameworks;
			sourceTree = "<group>";
		};
		7689999E8D60665FB2EFF1B0 /* Pods */ = {
			isa = PBXGroup;
			children = (
				2A637852D12EF6C20A34B9FB /* Pods-KutsalAnsiklopedi.debug.xcconfig */,
				4E1081EF28FBC075CDED8703 /* Pods-KutsalAnsiklopedi.release.xcconfig */,
			);
			path = Pods;
			sourceTree = "<group>";
		};
		D42C720B277E6FC900E9D5E1 = {
			isa = PBXGroup;
			children = (
				D42C7216277E6FC900E9D5E1 /* KutsalAnsiklopedi */,
				D42C7215277E6FC900E9D5E1 /* Products */,
				7689999E8D60665FB2EFF1B0 /* Pods */,
				5B72E2400974D9EB3D5F3769 /* Frameworks */,
			);
			sourceTree = "<group>";
		};
		D42C7215277E6FC900E9D5E1 /* Products */ = {
			isa = PBXGroup;
			children = (
				D42C7214277E6FC900E9D5E1 /* KutsalAnsiklopedi.app */,
			);
			name = Products;
			sourceTree = "<group>";
		};
		D42C7216277E6FC900E9D5E1 /* KutsalAnsiklopedi */ = {
			isa = PBXGroup;
			children = (
				D4705CAC278208680095B0C4 /* model */,
				D4890042277F325E00EC0A69 /* api */,
				D489003F277F2EDD00EC0A69 /* utils */,
				D4B96D0827822E1F004ED8E6 /* views */,
				D4F91742277F009200A70A95 /* controllers */,
				D42C7235277E8AE600E9D5E1 /* authentication */,
				D42C7217277E6FC900E9D5E1 /* AppDelegate.swift */,
				D42C7219277E6FC900E9D5E1 /* SceneDelegate.swift */,
				D42C721D277E6FC900E9D5E1 /* Main.storyboard */,
				D42C7220277E6FCD00E9D5E1 /* Assets.xcassets */,
				D42C7222277E6FCD00E9D5E1 /* LaunchScreen.storyboard */,
				D42C7225277E6FCD00E9D5E1 /* Info.plist */,
				D4F91743277F1AD500A70A95 /* GoogleService-Info.plist */,
			);
			path = KutsalAnsiklopedi;
			sourceTree = "<group>";
		};
		D42C7235277E8AE600E9D5E1 /* authentication */ = {
			isa = PBXGroup;
			children = (
				D42C722F277E7B7600E9D5E1 /* LoginViewController.swift */,
				D42C7233277E886B00E9D5E1 /* RegisterViewController.swift */,
			);
			path = authentication;
			sourceTree = "<group>";
		};
		D4705CAC278208680095B0C4 /* model */ = {
			isa = PBXGroup;
			children = (
				D4705CAD2782087A0095B0C4 /* User.swift */,
				D4705CAF278208DD0095B0C4 /* AuthUser.swift */,
				D4B96D06278228C3004ED8E6 /* Title.swift */,
			);
			path = model;
			sourceTree = "<group>";
		};
		D489003F277F2EDD00EC0A69 /* utils */ = {
			isa = PBXGroup;
			children = (
				D4890040277F2EEF00EC0A69 /* Constants.swift */,
				D42C7231277E831900E9D5E1 /* Extensions.swift */,
			);
			path = utils;
			sourceTree = "<group>";
		};
		D4890042277F325E00EC0A69 /* api */ = {
			isa = PBXGroup;
			children = (
				D4890043277F327400EC0A69 /* AuthService.swift */,
				D4705CAA278206560095B0C4 /* UserService.swift */,
				D4B96D04278226B1004ED8E6 /* TitleService.swift */,
			);
			path = api;
			sourceTree = "<group>";
		};
		D4B96D0827822E1F004ED8E6 /* views */ = {
			isa = PBXGroup;
			children = (
				D4B96D0927822E3A004ED8E6 /* TitleCell.swift */,
			);
			path = views;
			sourceTree = "<group>";
		};
		D4F91742277F009200A70A95 /* controllers */ = {
			isa = PBXGroup;
			children = (
				D42C722B277E71BE00E9D5E1 /* HomeViewController.swift */,
				D42C722D277E767F00E9D5E1 /* TabBarController.swift */,
				D4705CB1278217C80095B0C4 /* OpenTitleViewController.swift */,
			);
			path = controllers;
			sourceTree = "<group>";
		};
/* End PBXGroup section */

/* Begin PBXNativeTarget section */
		D42C7213277E6FC900E9D5E1 /* KutsalAnsiklopedi */ = {
			isa = PBXNativeTarget;
			buildConfigurationList = D42C7228277E6FCD00E9D5E1 /* Build configuration list for PBXNativeTarget "KutsalAnsiklopedi" */;
			buildPhases = (
				B4BB8A5327EE1624C5E3006B /* [CP] Check Pods Manifest.lock */,
				D42C7210277E6FC900E9D5E1 /* Sources */,
				D42C7211277E6FC900E9D5E1 /* Frameworks */,
				D42C7212277E6FC900E9D5E1 /* Resources */,
				055B1F3B6BEC6187942365C6 /* [CP] Embed Pods Frameworks */,
			);
			buildRules = (
			);
			dependencies = (
			);
			name = KutsalAnsiklopedi;
			productName = KutsalAnsiklopedi;
			productReference = D42C7214277E6FC900E9D5E1 /* KutsalAnsiklopedi.app */;
			productType = "com.apple.product-type.application";
		};
/* End PBXNativeTarget section */

/* Begin PBXProject section */
		D42C720C277E6FC900E9D5E1 /* Project object */ = {
			isa = PBXProject;
			attributes = {
				BuildIndependentTargetsInParallel = 1;
				LastSwiftUpdateCheck = 1310;
				LastUpgradeCheck = 1310;
				TargetAttributes = {
					D42C7213277E6FC900E9D5E1 = {
						CreatedOnToolsVersion = 13.1;
					};
				};
			};
			buildConfigurationList = D42C720F277E6FC900E9D5E1 /* Build configuration list for PBXProject "KutsalAnsiklopedi" */;
			compatibilityVersion = "Xcode 13.0";
			developmentRegion = en;
			hasScannedForEncodings = 0;
			knownRegions = (
				en,
				Base,
			);
			mainGroup = D42C720B277E6FC900E9D5E1;
			productRefGroup = D42C7215277E6FC900E9D5E1 /* Products */;
			projectDirPath = "";
			projectRoot = "";
			targets = (
				D42C7213277E6FC900E9D5E1 /* KutsalAnsiklopedi */,
			);
		};
/* End PBXProject section */

/* Begin PBXResourcesBuildPhase section */
		D42C7212277E6FC900E9D5E1 /* Resources */ = {
			isa = PBXResourcesBuildPhase;
			buildActionMask = 2147483647;
			files = (
				D42C7224277E6FCD00E9D5E1 /* LaunchScreen.storyboard in Resources */,
				D4F91744277F1AD500A70A95 /* GoogleService-Info.plist in Resources */,
				D42C7221277E6FCD00E9D5E1 /* Assets.xcassets in Resources */,
				D42C721F277E6FC900E9D5E1 /* Main.storyboard in Resources */,
			);
			runOnlyForDeploymentPostprocessing = 0;
		};
/* End PBXResourcesBuildPhase section */

/* Begin PBXShellScriptBuildPhase section */
		055B1F3B6BEC6187942365C6 /* [CP] Embed Pods Frameworks */ = {
			isa = PBXShellScriptBuildPhase;
			buildActionMask = 2147483647;
			files = (
			);
			inputFileListPaths = (
				"${PODS_ROOT}/Target Support Files/Pods-KutsalAnsiklopedi/Pods-KutsalAnsiklopedi-frameworks-${CONFIGURATION}-input-files.xcfilelist",
			);
			name = "[CP] Embed Pods Frameworks";
			outputFileListPaths = (
				"${PODS_ROOT}/Target Support Files/Pods-KutsalAnsiklopedi/Pods-KutsalAnsiklopedi-frameworks-${CONFIGURATION}-output-files.xcfilelist",
			);
			runOnlyForDeploymentPostprocessing = 0;
			shellPath = /bin/sh;
			shellScript = "\"${PODS_ROOT}/Target Support Files/Pods-KutsalAnsiklopedi/Pods-KutsalAnsiklopedi-frameworks.sh\"\n";
			showEnvVarsInLog = 0;
		};
		B4BB8A5327EE1624C5E3006B /* [CP] Check Pods Manifest.lock */ = {
			isa = PBXShellScriptBuildPhase;
			buildActionMask = 2147483647;
			files = (
			);
			inputFileListPaths = (
			);
			inputPaths = (
				"${PODS_PODFILE_DIR_PATH}/Podfile.lock",
				"${PODS_ROOT}/Manifest.lock",
			);
			name = "[CP] Check Pods Manifest.lock";
			outputFileListPaths = (
			);
			outputPaths = (
				"$(DERIVED_FILE_DIR)/Pods-KutsalAnsiklopedi-checkManifestLockResult.txt",
			);
			runOnlyForDeploymentPostprocessing = 0;
			shellPath = /bin/sh;
			shellScript = "diff \"${PODS_PODFILE_DIR_PATH}/Podfile.lock\" \"${PODS_ROOT}/Manifest.lock\" > /dev/null\nif [ $? != 0 ] ; then\n    # print error to STDERR\n    echo \"error: The sandbox is not in sync with the Podfile.lock. Run 'pod install' or update your CocoaPods installation.\" >&2\n    exit 1\nfi\n# This output is used by Xcode 'outputs' to avoid re-running this script phase.\necho \"SUCCESS\" > \"${SCRIPT_OUTPUT_FILE_0}\"\n";
			showEnvVarsInLog = 0;
		};
/* End PBXShellScriptBuildPhase section */

/* Begin PBXSourcesBuildPhase section */
		D42C7210277E6FC900E9D5E1 /* Sources */ = {
			isa = PBXSourcesBuildPhase;
			buildActionMask = 2147483647;
			files = (
				D42C7218277E6FC900E9D5E1 /* AppDelegate.swift in Sources */,
				D42C722E277E767F00E9D5E1 /* TabBarController.swift in Sources */,
				D4B96D05278226B1004ED8E6 /* TitleService.swift in Sources */,
				D42C7234277E886B00E9D5E1 /* RegisterViewController.swift in Sources */,
				D4890044277F327400EC0A69 /* AuthService.swift in Sources */,
				D42C721A277E6FC900E9D5E1 /* SceneDelegate.swift in Sources */,
				D4705CB2278217C80095B0C4 /* OpenTitleViewController.swift in Sources */,
				D42C7232277E831900E9D5E1 /* Extensions.swift in Sources */,
				D4705CAB278206560095B0C4 /* UserService.swift in Sources */,
				D42C7230277E7B7600E9D5E1 /* LoginViewController.swift in Sources */,
				D4B96D07278228C3004ED8E6 /* Title.swift in Sources */,
				D42C722C277E71BE00E9D5E1 /* HomeViewController.swift in Sources */,
				D4B96D0A27822E3A004ED8E6 /* TitleCell.swift in Sources */,
				D4890041277F2EEF00EC0A69 /* Constants.swift in Sources */,
				D4705CB0278208DD0095B0C4 /* AuthUser.swift in Sources */,
				D4705CAE2782087A0095B0C4 /* User.swift in Sources */,
			);
			runOnlyForDeploymentPostprocessing = 0;
		};
/* End PBXSourcesBuildPhase section */

/* Begin PBXVariantGroup section */
		D42C721D277E6FC900E9D5E1 /* Main.storyboard */ = {
			isa = PBXVariantGroup;
			children = (
				D42C721E277E6FC900E9D5E1 /* Base */,
			);
			name = Main.storyboard;
			sourceTree = "<group>";
		};
		D42C7222277E6FCD00E9D5E1 /* LaunchScreen.storyboard */ = {
			isa = PBXVariantGroup;
			children = (
				D42C7223277E6FCD00E9D5E1 /* Base */,
			);
			name = LaunchScreen.storyboard;
			sourceTree = "<group>";
		};
/* End PBXVariantGroup section */

/* Begin XCBuildConfiguration section */
		D42C7226277E6FCD00E9D5E1 /* Debug */ = {
			isa = XCBuildConfiguration;
			buildSettings = {
				ALWAYS_SEARCH_USER_PATHS = NO;
				CLANG_ANALYZER_NONNULL = YES;
				CLANG_ANALYZER_NUMBER_OBJECT_CONVERSION = YES_AGGRESSIVE;
				CLANG_CXX_LANGUAGE_STANDARD = "gnu++17";
				CLANG_CXX_LIBRARY = "libc++";
				CLANG_ENABLE_MODULES = YES;
				CLANG_ENABLE_OBJC_ARC = YES;
				CLANG_ENABLE_OBJC_WEAK = YES;
				CLANG_WARN_BLOCK_CAPTURE_AUTORELEASING = YES;
				CLANG_WARN_BOOL_CONVERSION = YES;
				CLANG_WARN_COMMA = YES;
				CLANG_WARN_CONSTANT_CONVERSION = YES;
				CLANG_WARN_DEPRECATED_OBJC_IMPLEMENTATIONS = YES;
				CLANG_WARN_DIRECT_OBJC_ISA_USAGE = YES_ERROR;
				CLANG_WARN_DOCUMENTATION_COMMENTS = YES;
				CLANG_WARN_EMPTY_BODY = YES;
				CLANG_WARN_ENUM_CONVERSION = YES;
				CLANG_WARN_INFINITE_RECURSION = YES;
				CLANG_WARN_INT_CONVERSION = YES;
				CLANG_WARN_NON_LITERAL_NULL_CONVERSION = YES;
				CLANG_WARN_OBJC_IMPLICIT_RETAIN_SELF = YES;
				CLANG_WARN_OBJC_LITERAL_CONVERSION = YES;
				CLANG_WARN_OBJC_ROOT_CLASS = YES_ERROR;
				CLANG_WARN_QUOTED_INCLUDE_IN_FRAMEWORK_HEADER = YES;
				CLANG_WARN_RANGE_LOOP_ANALYSIS = YES;
				CLANG_WARN_STRICT_PROTOTYPES = YES;
				CLANG_WARN_SUSPICIOUS_MOVE = YES;
				CLANG_WARN_UNGUARDED_AVAILABILITY = YES_AGGRESSIVE;
				CLANG_WARN_UNREACHABLE_CODE = YES;
				CLANG_WARN__DUPLICATE_METHOD_MATCH = YES;
				COPY_PHASE_STRIP = NO;
				DEBUG_INFORMATION_FORMAT = dwarf;
				ENABLE_STRICT_OBJC_MSGSEND = YES;
				ENABLE_TESTABILITY = YES;
				GCC_C_LANGUAGE_STANDARD = gnu11;
				GCC_DYNAMIC_NO_PIC = NO;
				GCC_NO_COMMON_BLOCKS = YES;
				GCC_OPTIMIZATION_LEVEL = 0;
				GCC_PREPROCESSOR_DEFINITIONS = (
					"DEBUG=1",
					"$(inherited)",
				);
				GCC_WARN_64_TO_32_BIT_CONVERSION = YES;
				GCC_WARN_ABOUT_RETURN_TYPE = YES_ERROR;
				GCC_WARN_UNDECLARED_SELECTOR = YES;
				GCC_WARN_UNINITIALIZED_AUTOS = YES_AGGRESSIVE;
				GCC_WARN_UNUSED_FUNCTION = YES;
				GCC_WARN_UNUSED_VARIABLE = YES;
				IPHONEOS_DEPLOYMENT_TARGET = 15.0;
				MTL_ENABLE_DEBUG_INFO = INCLUDE_SOURCE;
				MTL_FAST_MATH = YES;
				ONLY_ACTIVE_ARCH = YES;
				SDKROOT = iphoneos;
				SWIFT_ACTIVE_COMPILATION_CONDITIONS = DEBUG;
				SWIFT_OPTIMIZATION_LEVEL = "-Onone";
			};
			name = Debug;
		};
		D42C7227277E6FCD00E9D5E1 /* Release */ = {
			isa = XCBuildConfiguration;
			buildSettings = {
				ALWAYS_SEARCH_USER_PATHS = NO;
				CLANG_ANALYZER_NONNULL = YES;
				CLANG_ANALYZER_NUMBER_OBJECT_CONVERSION = YES_AGGRESSIVE;
				CLANG_CXX_LANGUAGE_STANDARD = "gnu++17";
				CLANG_CXX_LIBRARY = "libc++";
				CLANG_ENABLE_MODULES = YES;
				CLANG_ENABLE_OBJC_ARC = YES;
				CLANG_ENABLE_OBJC_WEAK = YES;
				CLANG_WARN_BLOCK_CAPTURE_AUTORELEASING = YES;
				CLANG_WARN_BOOL_CONVERSION = YES;
				CLANG_WARN_COMMA = YES;
				CLANG_WARN_CONSTANT_CONVERSION = YES;
				CLANG_WARN_DEPRECATED_OBJC_IMPLEMENTATIONS = YES;
				CLANG_WARN_DIRECT_OBJC_ISA_USAGE = YES_ERROR;
				CLANG_WARN_DOCUMENTATION_COMMENTS = YES;
				CLANG_WARN_EMPTY_BODY = YES;
				CLANG_WARN_ENUM_CONVERSION = YES;
				CLANG_WARN_INFINITE_RECURSION = YES;
				CLANG_WARN_INT_CONVERSION = YES;
				CLANG_WARN_NON_LITERAL_NULL_CONVERSION = YES;
				CLANG_WARN_OBJC_IMPLICIT_RETAIN_SELF = YES;
				CLANG_WARN_OBJC_LITERAL_CONVERSION = YES;
				CLANG_WARN_OBJC_ROOT_CLASS = YES_ERROR;
				CLANG_WARN_QUOTED_INCLUDE_IN_FRAMEWORK_HEADER = YES;
				CLANG_WARN_RANGE_LOOP_ANALYSIS = YES;
				CLANG_WARN_STRICT_PROTOTYPES = YES;
				CLANG_WARN_SUSPICIOUS_MOVE = YES;
				CLANG_WARN_UNGUARDED_AVAILABILITY = YES_AGGRESSIVE;
				CLANG_WARN_UNREACHABLE_CODE = YES;
				CLANG_WARN__DUPLICATE_METHOD_MATCH = YES;
				COPY_PHASE_STRIP = NO;
				DEBUG_INFORMATION_FORMAT = "dwarf-with-dsym";
				ENABLE_NS_ASSERTIONS = NO;
				ENABLE_STRICT_OBJC_MSGSEND = YES;
				GCC_C_LANGUAGE_STANDARD = gnu11;
				GCC_NO_COMMON_BLOCKS = YES;
				GCC_WARN_64_TO_32_BIT_CONVERSION = YES;
				GCC_WARN_ABOUT_RETURN_TYPE = YES_ERROR;
				GCC_WARN_UNDECLARED_SELECTOR = YES;
				GCC_WARN_UNINITIALIZED_AUTOS = YES_AGGRESSIVE;
				GCC_WARN_UNUSED_FUNCTION = YES;
				GCC_WARN_UNUSED_VARIABLE = YES;
				IPHONEOS_DEPLOYMENT_TARGET = 15.0;
				MTL_ENABLE_DEBUG_INFO = NO;
				MTL_FAST_MATH = YES;
				SDKROOT = iphoneos;
				SWIFT_COMPILATION_MODE = wholemodule;
				SWIFT_OPTIMIZATION_LEVEL = "-O";
				VALIDATE_PRODUCT = YES;
			};
			name = Release;
		};
		D42C7229277E6FCD00E9D5E1 /* Debug */ = {
			isa = XCBuildConfiguration;
			baseConfigurationReference = 2A637852D12EF6C20A34B9FB /* Pods-KutsalAnsiklopedi.debug.xcconfig */;
			buildSettings = {
				ASSETCATALOG_COMPILER_APPICON_NAME = AppIcon;
				ASSETCATALOG_COMPILER_GLOBAL_ACCENT_COLOR_NAME = AccentColor;
				CODE_SIGN_STYLE = Automatic;
				CURRENT_PROJECT_VERSION = 1;
				GENERATE_INFOPLIST_FILE = YES;
				INFOPLIST_FILE = KutsalAnsiklopedi/Info.plist;
				INFOPLIST_KEY_UIApplicationSupportsIndirectInputEvents = YES;
				INFOPLIST_KEY_UILaunchStoryboardName = LaunchScreen;
				INFOPLIST_KEY_UIMainStoryboardFile = Main;
				INFOPLIST_KEY_UISupportedInterfaceOrientations_iPad = "UIInterfaceOrientationPortrait UIInterfaceOrientationPortraitUpsideDown UIInterfaceOrientationLandscapeLeft UIInterfaceOrientationLandscapeRight";
				INFOPLIST_KEY_UISupportedInterfaceOrientations_iPhone = "UIInterfaceOrientationPortrait UIInterfaceOrientationLandscapeLeft UIInterfaceOrientationLandscapeRight";
				LD_RUNPATH_SEARCH_PATHS = (
					"$(inherited)",
					"@executable_path/Frameworks",
				);
				MARKETING_VERSION = 1.0;
				PRODUCT_BUNDLE_IDENTIFIER = karakus.KutsalAnsiklopedi;
				PRODUCT_NAME = "$(TARGET_NAME)";
				SWIFT_EMIT_LOC_STRINGS = YES;
				SWIFT_VERSION = 5.0;
				TARGETED_DEVICE_FAMILY = "1,2";
			};
			name = Debug;
		};
		D42C722A277E6FCD00E9D5E1 /* Release */ = {
			isa = XCBuildConfiguration;
			baseConfigurationReference = 4E1081EF28FBC075CDED8703 /* Pods-KutsalAnsiklopedi.release.xcconfig */;
			buildSettings = {
				ASSETCATALOG_COMPILER_APPICON_NAME = AppIcon;
				ASSETCATALOG_COMPILER_GLOBAL_ACCENT_COLOR_NAME = AccentColor;
				CODE_SIGN_STYLE = Automatic;
				CURRENT_PROJECT_VERSION = 1;
				GENERATE_INFOPLIST_FILE = YES;
				INFOPLIST_FILE = KutsalAnsiklopedi/Info.plist;
				INFOPLIST_KEY_UIApplicationSupportsIndirectInputEvents = YES;
				INFOPLIST_KEY_UILaunchStoryboardName = LaunchScreen;
				INFOPLIST_KEY_UIMainStoryboardFile = Main;
				INFOPLIST_KEY_UISupportedInterfaceOrientations_iPad = "UIInterfaceOrientationPortrait UIInterfaceOrientationPortraitUpsideDown UIInterfaceOrientationLandscapeLeft UIInterfaceOrientationLandscapeRight";
				INFOPLIST_KEY_UISupportedInterfaceOrientations_iPhone = "UIInterfaceOrientationPortrait UIInterfaceOrientationLandscapeLeft UIInterfaceOrientationLandscapeRight";
				LD_RUNPATH_SEARCH_PATHS = (
					"$(inherited)",
					"@executable_path/Frameworks",
				);
				MARKETING_VERSION = 1.0;
				PRODUCT_BUNDLE_IDENTIFIER = karakus.KutsalAnsiklopedi;
				PRODUCT_NAME = "$(TARGET_NAME)";
				SWIFT_EMIT_LOC_STRINGS = YES;
				SWIFT_VERSION = 5.0;
				TARGETED_DEVICE_FAMILY = "1,2";
			};
			name = Release;
		};
/* End XCBuildConfiguration section */

/* Begin XCConfigurationList section */
		D42C720F277E6FC900E9D5E1 /* Build configuration list for PBXProject "KutsalAnsiklopedi" */ = {
			isa = XCConfigurationList;
			buildConfigurations = (
				D42C7226277E6FCD00E9D5E1 /* Debug */,
				D42C7227277E6FCD00E9D5E1 /* Release */,
			);
			defaultConfigurationIsVisible = 0;
			defaultConfigurationName = Release;
		};
		D42C7228277E6FCD00E9D5E1 /* Build configuration list for PBXNativeTarget "KutsalAnsiklopedi" */ = {
			isa = XCConfigurationList;
			buildConfigurations = (
				D42C7229277E6FCD00E9D5E1 /* Debug */,
				D42C722A277E6FCD00E9D5E1 /* Release */,
			);
			defaultConfigurationIsVisible = 0;
			defaultConfigurationName = Release;
		};
/* End XCConfigurationList section */
	};
	rootObject = D42C720C277E6FC900E9D5E1 /* Project object */;
}
